
Microsoft Visual Studio Solution File, Format Version 12.00
# Visual Studio Version 16
VisualStudioVersion = 16.0.31729.503
MinimumVisualStudioVersion = 10.0.40219.1
Project("{FAE04EC0-301F-11D3-BF4B-00C04F79EFBC}") = "AirlineLibrary", "AirlineLibrary\AirlineLibrary.csproj", "{4037DBC6-21B6-4A3C-8070-C0FBE6C149F9}"
EndProject
Project("{FAE04EC0-301F-11D3-BF4B-00C04F79EFBC}") = "AirlineConsoleApp", "AirlineConsoleApp\AirlineConsoleApp.csproj", "{78C8BC40-A3E9-48E0-9870-FAFEE1F10072}"
EndProject
Global
	GlobalSection(SolutionConfigurationPlatforms) = preSolution
		Debug|Any CPU = Debug|Any CPU
		Release|Any CPU = Release|Any CPU
	EndGlobalSection
	GlobalSection(ProjectConfigurationPlatforms) = postSolution
		{4037DBC6-21B6-4A3C-8070-C0FBE6C149F9}.Debug|Any CPU.ActiveCfg = Debug|Any CPU
		{4037DBC6-21B6-4A3C-8070-C0FBE6C149F9}.Debug|Any CPU.Build.0 = Debug|Any CPU
		{4037DBC6-21B6-4A3C-8070-C0FBE6C149F9}.Release|Any CPU.ActiveCfg = Release|Any CPU
		{4037DBC6-21B6-4A3C-8070-C0FBE6C149F9}.Release|Any CPU.Build.0 = Release|Any CPU
		{78C8BC40-A3E9-48E0-9870-FAFEE1F10072}.Debug|Any CPU.ActiveCfg = Debug|Any CPU
		{78C8BC40-A3E9-48E0-9870-FAFEE1F10072}.Debug|Any CPU.Build.0 = Debug|Any CPU
		{78C8BC40-A3E9-48E0-9870-FAFEE1F10072}.Release|Any CPU.ActiveCfg = Release|Any CPU
		{78C8BC40-A3E9-48E0-9870-FAFEE1F10072}.Release|Any CPU.Build.0 = Release|Any CPU
	EndGlobalSection
	GlobalSection(SolutionProperties) = preSolution
		HideSolutionNode = FALSE
	EndGlobalSection
	GlobalSection(ExtensibilityGlobals) = postSolution
		SolutionGuid = {68A4CAF6-68FA-431F-BE60-B637F88FD284}
	EndGlobalSection
EndGlobal
